
Microsoft Visual Studio Solution File, Format Version 12.00
# Visual Studio Version 16
VisualStudioVersion = 16.0.30907.101
MinimumVisualStudioVersion = 10.0.40219.1
Project("{FAE04EC0-301F-11D3-BF4B-00C04F79EFBC}") = "Navigator", "Navigator.csproj", "{D839A01A-C343-4DB6-9AF6-B14070C4C618}"
EndProject
Project("{FAE04EC0-301F-11D3-BF4B-00C04F79EFBC}") = "Navigator2", "..\Navigator2\Navigator2.csproj", "{CBEA29FA-E8B1-4121-935D-72B105630F65}"
EndProject
Global
	GlobalSection(SolutionConfigurationPlatforms) = preSolution
		Debug|Any CPU = Debug|Any CPU
		Release|Any CPU = Release|Any CPU
	EndGlobalSection
	GlobalSection(ProjectConfigurationPlatforms) = postSolution
		{D839A01A-C343-4DB6-9AF6-B14070C4C618}.Debug|Any CPU.ActiveCfg = Debug|Any CPU
		{D839A01A-C343-4DB6-9AF6-B14070C4C618}.Debug|Any CPU.Build.0 = Debug|Any CPU
		{D839A01A-C343-4DB6-9AF6-B14070C4C618}.Release|Any CPU.ActiveCfg = Release|Any CPU
		{D839A01A-C343-4DB6-9AF6-B14070C4C618}.Release|Any CPU.Build.0 = Release|Any CPU
		{CBEA29FA-E8B1-4121-935D-72B105630F65}.Debug|Any CPU.ActiveCfg = Debug|Any CPU
		{CBEA29FA-E8B1-4121-935D-72B105630F65}.Debug|Any CPU.Build.0 = Debug|Any CPU
		{CBEA29FA-E8B1-4121-935D-72B105630F65}.Release|Any CPU.ActiveCfg = Release|Any CPU
		{CBEA29FA-E8B1-4121-935D-72B105630F65}.Release|Any CPU.Build.0 = Release|Any CPU
	EndGlobalSection
	GlobalSection(SolutionProperties) = preSolution
		HideSolutionNode = FALSE
	EndGlobalSection
	GlobalSection(ExtensibilityGlobals) = postSolution
		SolutionGuid = {69A900C7-D7F2-4BF3-90CE-E0A025E61968}
	EndGlobalSection
EndGlobal
