
Microsoft Visual Studio Solution File, Format Version 12.00
# Visual Studio Version 16
VisualStudioVersion = 16.0.30907.101
MinimumVisualStudioVersion = 10.0.40219.1
Project("{FAE04EC0-301F-11D3-BF4B-00C04F79EFBC}") = "basen", "basen\basen\basen.csproj", "{E3C4B8E2-5C0E-48D8-9102-B8D36A82B358}"
EndProject
Project("{FAE04EC0-301F-11D3-BF4B-00C04F79EFBC}") = "If_Else", "If_Else\If_Else\If_Else.csproj", "{605D2522-2F1D-4C29-A2EF-11F1AE50BCA5}"
EndProject
Project("{FAE04EC0-301F-11D3-BF4B-00C04F79EFBC}") = "Navigator", "Navigator\Navigator.csproj", "{D839A01A-C343-4DB6-9AF6-B14070C4C618}"
EndProject
Project("{FAE04EC0-301F-11D3-BF4B-00C04F79EFBC}") = "Navigator2", "Navigator2\Navigator2.csproj", "{988F1138-259F-43A4-B0FF-26E1DB77A93F}"
EndProject
Project("{FAE04EC0-301F-11D3-BF4B-00C04F79EFBC}") = "RatujLudzi", "Ratuj_Ludzi\RatujLudzi\RatujLudzi.csproj", "{3BEB96C4-3605-4C97-A00F-CD667C9237A3}"
EndProject
Project("{FAE04EC0-301F-11D3-BF4B-00C04F79EFBC}") = "WpfApp2", "WpfApp2\WpfApp2\WpfApp2.csproj", "{3AEA6294-1059-47ED-B934-355D820E0EF4}"
EndProject
Project("{2150E333-8FDC-42A3-9474-1A3956D46DE8}") = "Solution Items", "Solution Items", "{51E5E1EA-D782-4583-B0A5-076BEC590B16}"
	ProjectSection(SolutionItems) = preProject
		timelog.txt = timelog.txt
	EndProjectSection
EndProject
Project("{FAE04EC0-301F-11D3-BF4B-00C04F79EFBC}") = "Clown", "Clown\Clown.csproj", "{E462A120-1836-44E5-B7A6-73833C5974EA}"
EndProject
Project("{FAE04EC0-301F-11D3-BF4B-00C04F79EFBC}") = "klasa guy", "klasa guy\klasa guy.csproj", "{91DF3C50-819C-4EDE-B390-72C53A9ACACB}"
EndProject
Project("{FAE04EC0-301F-11D3-BF4B-00C04F79EFBC}") = "CandyController", "CandyController\CandyController.csproj", "{AA7EF2BD-119C-4DF4-892D-338C0D4B85C4}"
EndProject
Project("{FAE04EC0-301F-11D3-BF4B-00C04F79EFBC}") = "zagadka", "zagadka\zagadka.csproj", "{822ED5A7-7A93-4204-A16B-953D3727B01F}"
EndProject
Project("{FAE04EC0-301F-11D3-BF4B-00C04F79EFBC}") = "Typy zmiennych", "Typy zmiennych\Typy zmiennych.csproj", "{670CB8F6-4BA5-42EC-8244-0B89CD679876}"
EndProject
Project("{FAE04EC0-301F-11D3-BF4B-00C04F79EFBC}") = "kalkulator", "kalkulator\kalkulator.csproj", "{87AED258-B128-416E-BE94-D72BF0F2744C}"
EndProject
Project("{FAE04EC0-301F-11D3-BF4B-00C04F79EFBC}") = "słoń", "słoń\słoń.csproj", "{9ADC450E-EE7B-4A1D-95B4-7A9A794BF535}"
EndProject
Project("{FAE04EC0-301F-11D3-BF4B-00C04F79EFBC}") = "tablice", "tablice\tablice.csproj", "{82E37EEC-F743-47CC-B579-17D4DD1BD0ED}"
EndProject
Project("{FAE04EC0-301F-11D3-BF4B-00C04F79EFBC}") = "wyspy", "wyspy\wyspy.csproj", "{D2640EAD-9F4E-4065-A531-035BBE274EFD}"
EndProject
Project("{FAE04EC0-301F-11D3-BF4B-00C04F79EFBC}") = "Gra w literki", "Gra w literki\Gra w literki.csproj", "{55CD33B1-F732-4671-BEA9-2C7D2E60AF64}"
EndProject
Project("{FAE04EC0-301F-11D3-BF4B-00C04F79EFBC}") = "odbijające etykiety", "odbijające etykiety\odbijające etykiety.csproj", "{5C785DC5-B741-416E-BC64-A82766B7F933}"
EndProject
Project("{FAE04EC0-301F-11D3-BF4B-00C04F79EFBC}") = "Symulator wyścigów", "Symulator wyścigów\Symulator wyścigów.csproj", "{1EF3A2A2-3EB2-48C4-9D56-71BCE1611518}"
EndProject
Project("{FAE04EC0-301F-11D3-BF4B-00C04F79EFBC}") = "planowanie przyjec", "planowanie przyjec\planowanie przyjec.csproj", "{733FBCF7-3947-48F0-AD8F-08B31CDFF905}"
EndProject
Project("{FAE04EC0-301F-11D3-BF4B-00C04F79EFBC}") = "hermetyzacja", "hermetyzacja\hermetyzacja.csproj", "{C97584AF-6DC2-4C70-98E0-700B0023B0CA}"
EndProject
Project("{FAE04EC0-301F-11D3-BF4B-00C04F79EFBC}") = "farmer", "farmer\farmer.csproj", "{830B7904-6322-4E55-AEA0-727DF34220D4}"
EndProject
Project("{FAE04EC0-301F-11D3-BF4B-00C04F79EFBC}") = "planowanie przyjec2", "planowanie przyjec2\planowanie przyjec2.csproj", "{BF00BC30-6BE6-4EF5-B200-8120AB5AB3A2}"
EndProject
Project("{FAE04EC0-301F-11D3-BF4B-00C04F79EFBC}") = "dziedziczenie", "dziedziczenie\dziedziczenie.csproj", "{C4624795-2DC8-459B-AF74-D71BBEEE3CEB}"
EndProject
Project("{9A19103F-16F7-4668-BE54-9A1E7A4F7556}") = "virtual i override", "virtual i override\virtual i override.csproj", "{5673365E-018E-4F2B-8DFC-576043C90732}"
EndProject
Project("{FAE04EC0-301F-11D3-BF4B-00C04F79EFBC}") = "klasa bazowa", "klasa bazowa\klasa bazowa.csproj", "{21E1751D-2EAC-41F4-97B6-B9D641DEB179}"
EndProject
Project("{FAE04EC0-301F-11D3-BF4B-00C04F79EFBC}") = "zarzadzanie ulem", "zarzadzanie ulem\zarzadzanie ulem.csproj", "{7D538DD4-9ABF-424A-BA33-391E13ED6C77}"
EndProject
Project("{9A19103F-16F7-4668-BE54-9A1E7A4F7556}") = "Interfejsy", "Interfejsy\Interfejsy.csproj", "{B827E100-6B79-4C63-A041-7CF0D2CD9E31}"
EndProject
Project("{FAE04EC0-301F-11D3-BF4B-00C04F79EFBC}") = "Dom", "Dom\Dom.csproj", "{AF3A4C5A-6898-44D8-BAA4-F2CC30FD0F62}"
EndProject
Project("{FAE04EC0-301F-11D3-BF4B-00C04F79EFBC}") = "zabawa w chowanego", "zabawa w chowanego\zabawa w chowanego.csproj", "{F4CDB432-F857-45CB-B793-A14FF3494C16}"
EndProject
Project("{FAE04EC0-301F-11D3-BF4B-00C04F79EFBC}") = "typy wyliczeniowe", "typy wyliczeniowe\typy wyliczeniowe.csproj", "{2C51FCEA-9209-4DA3-9201-50C8D93CA877}"
EndProject
Project("{FAE04EC0-301F-11D3-BF4B-00C04F79EFBC}") = "Notatnik", "Notatnik\Notatnik.csproj", "{86915C70-FC75-478E-A41D-F17921B0457F}"
EndProject
Project("{FAE04EC0-301F-11D3-BF4B-00C04F79EFBC}") = "Listy", "Listy\Listy.csproj", "{74B0AB42-072E-4BA8-A85E-311156B11DE5}"
EndProject
Project("{FAE04EC0-301F-11D3-BF4B-00C04F79EFBC}") = "Listy2", "Listy2\Listy2.csproj", "{60C511A1-0CFC-428E-A71F-16453DBB477E}"
EndProject
Project("{FAE04EC0-301F-11D3-BF4B-00C04F79EFBC}") = "Karty", "Karty\Karty.csproj", "{527021C9-D633-4CA3-9151-B98B2450EE51}"
EndProject
Project("{FAE04EC0-301F-11D3-BF4B-00C04F79EFBC}") = "Ptaki", "Ptaki\Ptaki.csproj", "{0D84CC37-BFD5-4456-92A4-8B9028B9C987}"
EndProject
Project("{FAE04EC0-301F-11D3-BF4B-00C04F79EFBC}") = "Przeciążone metody", "Przeciążone metody\Przeciążone metody.csproj", "{F68FF2B2-964F-47FC-98A8-7AF07D455508}"
EndProject
Project("{FAE04EC0-301F-11D3-BF4B-00C04F79EFBC}") = "Dwie talie", "Dwie talie\Dwie talie.csproj", "{10B1192E-EC48-487E-A5FB-AF9C36F44A79}"
EndProject
Project("{FAE04EC0-301F-11D3-BF4B-00C04F79EFBC}") = "Numery koszulek", "Numery koszulek\Numery koszulek.csproj", "{F00180EE-8EE5-40A1-9B5F-B5C011A7149C}"
EndProject
Project("{FAE04EC0-301F-11D3-BF4B-00C04F79EFBC}") = "Idź na ryby", "Idź na ryby\Idź na ryby.csproj", "{0C134582-6C87-4C4D-892C-97D489B4FD91}"
EndProject
Project("{FAE04EC0-301F-11D3-BF4B-00C04F79EFBC}") = "Kolejki i stosy", "Kolejki\Kolejki i stosy.csproj", "{40C2AF00-4874-4279-B132-A1A5AA53C75C}"
EndProject
Project("{FAE04EC0-301F-11D3-BF4B-00C04F79EFBC}") = "Drwale", "Drwale\Drwale.csproj", "{E8A0F909-E5D0-464E-B683-7AADD39DEF5B}"
EndProject
Global
	GlobalSection(SolutionConfigurationPlatforms) = preSolution
		Debug|Any CPU = Debug|Any CPU
		Release|Any CPU = Release|Any CPU
	EndGlobalSection
	GlobalSection(ProjectConfigurationPlatforms) = postSolution
		{E3C4B8E2-5C0E-48D8-9102-B8D36A82B358}.Debug|Any CPU.ActiveCfg = Debug|Any CPU
		{E3C4B8E2-5C0E-48D8-9102-B8D36A82B358}.Debug|Any CPU.Build.0 = Debug|Any CPU
		{E3C4B8E2-5C0E-48D8-9102-B8D36A82B358}.Release|Any CPU.ActiveCfg = Release|Any CPU
		{E3C4B8E2-5C0E-48D8-9102-B8D36A82B358}.Release|Any CPU.Build.0 = Release|Any CPU
		{605D2522-2F1D-4C29-A2EF-11F1AE50BCA5}.Debug|Any CPU.ActiveCfg = Debug|Any CPU
		{605D2522-2F1D-4C29-A2EF-11F1AE50BCA5}.Debug|Any CPU.Build.0 = Debug|Any CPU
		{605D2522-2F1D-4C29-A2EF-11F1AE50BCA5}.Release|Any CPU.ActiveCfg = Release|Any CPU
		{605D2522-2F1D-4C29-A2EF-11F1AE50BCA5}.Release|Any CPU.Build.0 = Release|Any CPU
		{D839A01A-C343-4DB6-9AF6-B14070C4C618}.Debug|Any CPU.ActiveCfg = Debug|Any CPU
		{D839A01A-C343-4DB6-9AF6-B14070C4C618}.Debug|Any CPU.Build.0 = Debug|Any CPU
		{D839A01A-C343-4DB6-9AF6-B14070C4C618}.Release|Any CPU.ActiveCfg = Release|Any CPU
		{D839A01A-C343-4DB6-9AF6-B14070C4C618}.Release|Any CPU.Build.0 = Release|Any CPU
		{988F1138-259F-43A4-B0FF-26E1DB77A93F}.Debug|Any CPU.ActiveCfg = Debug|Any CPU
		{988F1138-259F-43A4-B0FF-26E1DB77A93F}.Debug|Any CPU.Build.0 = Debug|Any CPU
		{988F1138-259F-43A4-B0FF-26E1DB77A93F}.Release|Any CPU.ActiveCfg = Release|Any CPU
		{988F1138-259F-43A4-B0FF-26E1DB77A93F}.Release|Any CPU.Build.0 = Release|Any CPU
		{3BEB96C4-3605-4C97-A00F-CD667C9237A3}.Debug|Any CPU.ActiveCfg = Debug|Any CPU
		{3BEB96C4-3605-4C97-A00F-CD667C9237A3}.Debug|Any CPU.Build.0 = Debug|Any CPU
		{3BEB96C4-3605-4C97-A00F-CD667C9237A3}.Release|Any CPU.ActiveCfg = Release|Any CPU
		{3BEB96C4-3605-4C97-A00F-CD667C9237A3}.Release|Any CPU.Build.0 = Release|Any CPU
		{3AEA6294-1059-47ED-B934-355D820E0EF4}.Debug|Any CPU.ActiveCfg = Debug|Any CPU
		{3AEA6294-1059-47ED-B934-355D820E0EF4}.Debug|Any CPU.Build.0 = Debug|Any CPU
		{3AEA6294-1059-47ED-B934-355D820E0EF4}.Release|Any CPU.ActiveCfg = Release|Any CPU
		{3AEA6294-1059-47ED-B934-355D820E0EF4}.Release|Any CPU.Build.0 = Release|Any CPU
		{E462A120-1836-44E5-B7A6-73833C5974EA}.Debug|Any CPU.ActiveCfg = Debug|Any CPU
		{E462A120-1836-44E5-B7A6-73833C5974EA}.Debug|Any CPU.Build.0 = Debug|Any CPU
		{E462A120-1836-44E5-B7A6-73833C5974EA}.Release|Any CPU.ActiveCfg = Release|Any CPU
		{E462A120-1836-44E5-B7A6-73833C5974EA}.Release|Any CPU.Build.0 = Release|Any CPU
		{91DF3C50-819C-4EDE-B390-72C53A9ACACB}.Debug|Any CPU.ActiveCfg = Debug|Any CPU
		{91DF3C50-819C-4EDE-B390-72C53A9ACACB}.Debug|Any CPU.Build.0 = Debug|Any CPU
		{91DF3C50-819C-4EDE-B390-72C53A9ACACB}.Release|Any CPU.ActiveCfg = Release|Any CPU
		{91DF3C50-819C-4EDE-B390-72C53A9ACACB}.Release|Any CPU.Build.0 = Release|Any CPU
		{AA7EF2BD-119C-4DF4-892D-338C0D4B85C4}.Debug|Any CPU.ActiveCfg = Debug|Any CPU
		{AA7EF2BD-119C-4DF4-892D-338C0D4B85C4}.Debug|Any CPU.Build.0 = Debug|Any CPU
		{AA7EF2BD-119C-4DF4-892D-338C0D4B85C4}.Release|Any CPU.ActiveCfg = Release|Any CPU
		{AA7EF2BD-119C-4DF4-892D-338C0D4B85C4}.Release|Any CPU.Build.0 = Release|Any CPU
		{822ED5A7-7A93-4204-A16B-953D3727B01F}.Debug|Any CPU.ActiveCfg = Debug|Any CPU
		{822ED5A7-7A93-4204-A16B-953D3727B01F}.Debug|Any CPU.Build.0 = Debug|Any CPU
		{822ED5A7-7A93-4204-A16B-953D3727B01F}.Release|Any CPU.ActiveCfg = Release|Any CPU
		{822ED5A7-7A93-4204-A16B-953D3727B01F}.Release|Any CPU.Build.0 = Release|Any CPU
		{670CB8F6-4BA5-42EC-8244-0B89CD679876}.Debug|Any CPU.ActiveCfg = Debug|Any CPU
		{670CB8F6-4BA5-42EC-8244-0B89CD679876}.Debug|Any CPU.Build.0 = Debug|Any CPU
		{670CB8F6-4BA5-42EC-8244-0B89CD679876}.Release|Any CPU.ActiveCfg = Release|Any CPU
		{670CB8F6-4BA5-42EC-8244-0B89CD679876}.Release|Any CPU.Build.0 = Release|Any CPU
		{87AED258-B128-416E-BE94-D72BF0F2744C}.Debug|Any CPU.ActiveCfg = Debug|Any CPU
		{87AED258-B128-416E-BE94-D72BF0F2744C}.Debug|Any CPU.Build.0 = Debug|Any CPU
		{87AED258-B128-416E-BE94-D72BF0F2744C}.Release|Any CPU.ActiveCfg = Release|Any CPU
		{87AED258-B128-416E-BE94-D72BF0F2744C}.Release|Any CPU.Build.0 = Release|Any CPU
		{9ADC450E-EE7B-4A1D-95B4-7A9A794BF535}.Debug|Any CPU.ActiveCfg = Debug|Any CPU
		{9ADC450E-EE7B-4A1D-95B4-7A9A794BF535}.Debug|Any CPU.Build.0 = Debug|Any CPU
		{9ADC450E-EE7B-4A1D-95B4-7A9A794BF535}.Release|Any CPU.ActiveCfg = Release|Any CPU
		{9ADC450E-EE7B-4A1D-95B4-7A9A794BF535}.Release|Any CPU.Build.0 = Release|Any CPU
		{82E37EEC-F743-47CC-B579-17D4DD1BD0ED}.Debug|Any CPU.ActiveCfg = Debug|Any CPU
		{82E37EEC-F743-47CC-B579-17D4DD1BD0ED}.Debug|Any CPU.Build.0 = Debug|Any CPU
		{82E37EEC-F743-47CC-B579-17D4DD1BD0ED}.Release|Any CPU.ActiveCfg = Release|Any CPU
		{82E37EEC-F743-47CC-B579-17D4DD1BD0ED}.Release|Any CPU.Build.0 = Release|Any CPU
		{D2640EAD-9F4E-4065-A531-035BBE274EFD}.Debug|Any CPU.ActiveCfg = Debug|Any CPU
		{D2640EAD-9F4E-4065-A531-035BBE274EFD}.Debug|Any CPU.Build.0 = Debug|Any CPU
		{D2640EAD-9F4E-4065-A531-035BBE274EFD}.Release|Any CPU.ActiveCfg = Release|Any CPU
		{D2640EAD-9F4E-4065-A531-035BBE274EFD}.Release|Any CPU.Build.0 = Release|Any CPU
		{55CD33B1-F732-4671-BEA9-2C7D2E60AF64}.Debug|Any CPU.ActiveCfg = Debug|Any CPU
		{55CD33B1-F732-4671-BEA9-2C7D2E60AF64}.Debug|Any CPU.Build.0 = Debug|Any CPU
		{55CD33B1-F732-4671-BEA9-2C7D2E60AF64}.Release|Any CPU.ActiveCfg = Release|Any CPU
		{55CD33B1-F732-4671-BEA9-2C7D2E60AF64}.Release|Any CPU.Build.0 = Release|Any CPU
		{5C785DC5-B741-416E-BC64-A82766B7F933}.Debug|Any CPU.ActiveCfg = Debug|Any CPU
		{5C785DC5-B741-416E-BC64-A82766B7F933}.Debug|Any CPU.Build.0 = Debug|Any CPU
		{5C785DC5-B741-416E-BC64-A82766B7F933}.Release|Any CPU.ActiveCfg = Release|Any CPU
		{5C785DC5-B741-416E-BC64-A82766B7F933}.Release|Any CPU.Build.0 = Release|Any CPU
		{1EF3A2A2-3EB2-48C4-9D56-71BCE1611518}.Debug|Any CPU.ActiveCfg = Debug|Any CPU
		{1EF3A2A2-3EB2-48C4-9D56-71BCE1611518}.Debug|Any CPU.Build.0 = Debug|Any CPU
		{1EF3A2A2-3EB2-48C4-9D56-71BCE1611518}.Release|Any CPU.ActiveCfg = Release|Any CPU
		{1EF3A2A2-3EB2-48C4-9D56-71BCE1611518}.Release|Any CPU.Build.0 = Release|Any CPU
		{733FBCF7-3947-48F0-AD8F-08B31CDFF905}.Debug|Any CPU.ActiveCfg = Debug|Any CPU
		{733FBCF7-3947-48F0-AD8F-08B31CDFF905}.Debug|Any CPU.Build.0 = Debug|Any CPU
		{733FBCF7-3947-48F0-AD8F-08B31CDFF905}.Release|Any CPU.ActiveCfg = Release|Any CPU
		{733FBCF7-3947-48F0-AD8F-08B31CDFF905}.Release|Any CPU.Build.0 = Release|Any CPU
		{C97584AF-6DC2-4C70-98E0-700B0023B0CA}.Debug|Any CPU.ActiveCfg = Debug|Any CPU
		{C97584AF-6DC2-4C70-98E0-700B0023B0CA}.Debug|Any CPU.Build.0 = Debug|Any CPU
		{C97584AF-6DC2-4C70-98E0-700B0023B0CA}.Release|Any CPU.ActiveCfg = Release|Any CPU
		{C97584AF-6DC2-4C70-98E0-700B0023B0CA}.Release|Any CPU.Build.0 = Release|Any CPU
		{830B7904-6322-4E55-AEA0-727DF34220D4}.Debug|Any CPU.ActiveCfg = Debug|Any CPU
		{830B7904-6322-4E55-AEA0-727DF34220D4}.Debug|Any CPU.Build.0 = Debug|Any CPU
		{830B7904-6322-4E55-AEA0-727DF34220D4}.Release|Any CPU.ActiveCfg = Release|Any CPU
		{830B7904-6322-4E55-AEA0-727DF34220D4}.Release|Any CPU.Build.0 = Release|Any CPU
		{BF00BC30-6BE6-4EF5-B200-8120AB5AB3A2}.Debug|Any CPU.ActiveCfg = Debug|Any CPU
		{BF00BC30-6BE6-4EF5-B200-8120AB5AB3A2}.Debug|Any CPU.Build.0 = Debug|Any CPU
		{BF00BC30-6BE6-4EF5-B200-8120AB5AB3A2}.Release|Any CPU.ActiveCfg = Release|Any CPU
		{BF00BC30-6BE6-4EF5-B200-8120AB5AB3A2}.Release|Any CPU.Build.0 = Release|Any CPU
		{C4624795-2DC8-459B-AF74-D71BBEEE3CEB}.Debug|Any CPU.ActiveCfg = Debug|Any CPU
		{C4624795-2DC8-459B-AF74-D71BBEEE3CEB}.Debug|Any CPU.Build.0 = Debug|Any CPU
		{C4624795-2DC8-459B-AF74-D71BBEEE3CEB}.Release|Any CPU.ActiveCfg = Release|Any CPU
		{C4624795-2DC8-459B-AF74-D71BBEEE3CEB}.Release|Any CPU.Build.0 = Release|Any CPU
		{5673365E-018E-4F2B-8DFC-576043C90732}.Debug|Any CPU.ActiveCfg = Debug|Any CPU
		{5673365E-018E-4F2B-8DFC-576043C90732}.Debug|Any CPU.Build.0 = Debug|Any CPU
		{5673365E-018E-4F2B-8DFC-576043C90732}.Release|Any CPU.ActiveCfg = Release|Any CPU
		{5673365E-018E-4F2B-8DFC-576043C90732}.Release|Any CPU.Build.0 = Release|Any CPU
		{21E1751D-2EAC-41F4-97B6-B9D641DEB179}.Debug|Any CPU.ActiveCfg = Debug|Any CPU
		{21E1751D-2EAC-41F4-97B6-B9D641DEB179}.Debug|Any CPU.Build.0 = Debug|Any CPU
		{21E1751D-2EAC-41F4-97B6-B9D641DEB179}.Release|Any CPU.ActiveCfg = Release|Any CPU
		{21E1751D-2EAC-41F4-97B6-B9D641DEB179}.Release|Any CPU.Build.0 = Release|Any CPU
		{7D538DD4-9ABF-424A-BA33-391E13ED6C77}.Debug|Any CPU.ActiveCfg = Debug|Any CPU
		{7D538DD4-9ABF-424A-BA33-391E13ED6C77}.Debug|Any CPU.Build.0 = Debug|Any CPU
		{7D538DD4-9ABF-424A-BA33-391E13ED6C77}.Release|Any CPU.ActiveCfg = Release|Any CPU
		{7D538DD4-9ABF-424A-BA33-391E13ED6C77}.Release|Any CPU.Build.0 = Release|Any CPU
		{B827E100-6B79-4C63-A041-7CF0D2CD9E31}.Debug|Any CPU.ActiveCfg = Debug|Any CPU
		{B827E100-6B79-4C63-A041-7CF0D2CD9E31}.Debug|Any CPU.Build.0 = Debug|Any CPU
		{B827E100-6B79-4C63-A041-7CF0D2CD9E31}.Release|Any CPU.ActiveCfg = Release|Any CPU
		{B827E100-6B79-4C63-A041-7CF0D2CD9E31}.Release|Any CPU.Build.0 = Release|Any CPU
		{AF3A4C5A-6898-44D8-BAA4-F2CC30FD0F62}.Debug|Any CPU.ActiveCfg = Debug|Any CPU
		{AF3A4C5A-6898-44D8-BAA4-F2CC30FD0F62}.Debug|Any CPU.Build.0 = Debug|Any CPU
		{AF3A4C5A-6898-44D8-BAA4-F2CC30FD0F62}.Release|Any CPU.ActiveCfg = Release|Any CPU
		{AF3A4C5A-6898-44D8-BAA4-F2CC30FD0F62}.Release|Any CPU.Build.0 = Release|Any CPU
		{F4CDB432-F857-45CB-B793-A14FF3494C16}.Debug|Any CPU.ActiveCfg = Debug|Any CPU
		{F4CDB432-F857-45CB-B793-A14FF3494C16}.Debug|Any CPU.Build.0 = Debug|Any CPU
		{F4CDB432-F857-45CB-B793-A14FF3494C16}.Release|Any CPU.ActiveCfg = Release|Any CPU
		{F4CDB432-F857-45CB-B793-A14FF3494C16}.Release|Any CPU.Build.0 = Release|Any CPU
		{2C51FCEA-9209-4DA3-9201-50C8D93CA877}.Debug|Any CPU.ActiveCfg = Debug|Any CPU
		{2C51FCEA-9209-4DA3-9201-50C8D93CA877}.Debug|Any CPU.Build.0 = Debug|Any CPU
		{2C51FCEA-9209-4DA3-9201-50C8D93CA877}.Release|Any CPU.ActiveCfg = Release|Any CPU
		{2C51FCEA-9209-4DA3-9201-50C8D93CA877}.Release|Any CPU.Build.0 = Release|Any CPU
		{86915C70-FC75-478E-A41D-F17921B0457F}.Debug|Any CPU.ActiveCfg = Debug|Any CPU
		{86915C70-FC75-478E-A41D-F17921B0457F}.Debug|Any CPU.Build.0 = Debug|Any CPU
		{86915C70-FC75-478E-A41D-F17921B0457F}.Release|Any CPU.ActiveCfg = Release|Any CPU
		{86915C70-FC75-478E-A41D-F17921B0457F}.Release|Any CPU.Build.0 = Release|Any CPU
		{74B0AB42-072E-4BA8-A85E-311156B11DE5}.Debug|Any CPU.ActiveCfg = Debug|Any CPU
		{74B0AB42-072E-4BA8-A85E-311156B11DE5}.Debug|Any CPU.Build.0 = Debug|Any CPU
		{74B0AB42-072E-4BA8-A85E-311156B11DE5}.Release|Any CPU.ActiveCfg = Release|Any CPU
		{74B0AB42-072E-4BA8-A85E-311156B11DE5}.Release|Any CPU.Build.0 = Release|Any CPU
		{60C511A1-0CFC-428E-A71F-16453DBB477E}.Debug|Any CPU.ActiveCfg = Debug|Any CPU
		{60C511A1-0CFC-428E-A71F-16453DBB477E}.Debug|Any CPU.Build.0 = Debug|Any CPU
		{60C511A1-0CFC-428E-A71F-16453DBB477E}.Release|Any CPU.ActiveCfg = Release|Any CPU
		{60C511A1-0CFC-428E-A71F-16453DBB477E}.Release|Any CPU.Build.0 = Release|Any CPU
		{527021C9-D633-4CA3-9151-B98B2450EE51}.Debug|Any CPU.ActiveCfg = Debug|Any CPU
		{527021C9-D633-4CA3-9151-B98B2450EE51}.Debug|Any CPU.Build.0 = Debug|Any CPU
		{527021C9-D633-4CA3-9151-B98B2450EE51}.Release|Any CPU.ActiveCfg = Release|Any CPU
		{527021C9-D633-4CA3-9151-B98B2450EE51}.Release|Any CPU.Build.0 = Release|Any CPU
		{0D84CC37-BFD5-4456-92A4-8B9028B9C987}.Debug|Any CPU.ActiveCfg = Debug|Any CPU
		{0D84CC37-BFD5-4456-92A4-8B9028B9C987}.Debug|Any CPU.Build.0 = Debug|Any CPU
		{0D84CC37-BFD5-4456-92A4-8B9028B9C987}.Release|Any CPU.ActiveCfg = Release|Any CPU
		{0D84CC37-BFD5-4456-92A4-8B9028B9C987}.Release|Any CPU.Build.0 = Release|Any CPU
		{F68FF2B2-964F-47FC-98A8-7AF07D455508}.Debug|Any CPU.ActiveCfg = Debug|Any CPU
		{F68FF2B2-964F-47FC-98A8-7AF07D455508}.Debug|Any CPU.Build.0 = Debug|Any CPU
		{F68FF2B2-964F-47FC-98A8-7AF07D455508}.Release|Any CPU.ActiveCfg = Release|Any CPU
		{F68FF2B2-964F-47FC-98A8-7AF07D455508}.Release|Any CPU.Build.0 = Release|Any CPU
		{10B1192E-EC48-487E-A5FB-AF9C36F44A79}.Debug|Any CPU.ActiveCfg = Debug|Any CPU
		{10B1192E-EC48-487E-A5FB-AF9C36F44A79}.Debug|Any CPU.Build.0 = Debug|Any CPU
		{10B1192E-EC48-487E-A5FB-AF9C36F44A79}.Release|Any CPU.ActiveCfg = Release|Any CPU
		{10B1192E-EC48-487E-A5FB-AF9C36F44A79}.Release|Any CPU.Build.0 = Release|Any CPU
		{F00180EE-8EE5-40A1-9B5F-B5C011A7149C}.Debug|Any CPU.ActiveCfg = Debug|Any CPU
		{F00180EE-8EE5-40A1-9B5F-B5C011A7149C}.Debug|Any CPU.Build.0 = Debug|Any CPU
		{F00180EE-8EE5-40A1-9B5F-B5C011A7149C}.Release|Any CPU.ActiveCfg = Release|Any CPU
		{F00180EE-8EE5-40A1-9B5F-B5C011A7149C}.Release|Any CPU.Build.0 = Release|Any CPU
		{0C134582-6C87-4C4D-892C-97D489B4FD91}.Debug|Any CPU.ActiveCfg = Debug|Any CPU
		{0C134582-6C87-4C4D-892C-97D489B4FD91}.Debug|Any CPU.Build.0 = Debug|Any CPU
		{0C134582-6C87-4C4D-892C-97D489B4FD91}.Release|Any CPU.ActiveCfg = Release|Any CPU
		{0C134582-6C87-4C4D-892C-97D489B4FD91}.Release|Any CPU.Build.0 = Release|Any CPU
		{40C2AF00-4874-4279-B132-A1A5AA53C75C}.Debug|Any CPU.ActiveCfg = Debug|Any CPU
		{40C2AF00-4874-4279-B132-A1A5AA53C75C}.Debug|Any CPU.Build.0 = Debug|Any CPU
		{40C2AF00-4874-4279-B132-A1A5AA53C75C}.Release|Any CPU.ActiveCfg = Release|Any CPU
		{40C2AF00-4874-4279-B132-A1A5AA53C75C}.Release|Any CPU.Build.0 = Release|Any CPU
		{E8A0F909-E5D0-464E-B683-7AADD39DEF5B}.Debug|Any CPU.ActiveCfg = Debug|Any CPU
		{E8A0F909-E5D0-464E-B683-7AADD39DEF5B}.Debug|Any CPU.Build.0 = Debug|Any CPU
		{E8A0F909-E5D0-464E-B683-7AADD39DEF5B}.Release|Any CPU.ActiveCfg = Release|Any CPU
		{E8A0F909-E5D0-464E-B683-7AADD39DEF5B}.Release|Any CPU.Build.0 = Release|Any CPU
	EndGlobalSection
	GlobalSection(SolutionProperties) = preSolution
		HideSolutionNode = FALSE
	EndGlobalSection
	GlobalSection(ExtensibilityGlobals) = postSolution
		SolutionGuid = {8E004509-D6C6-43BF-91D5-825E4F1929D1}
	EndGlobalSection
EndGlobal
